{
  "version": 4,
  "terraform_version": "1.14.6",
  "serial": 37,
  "lineage": "27be66f7-bfbe-f2cf-cc88-90faaabc77c3",
  "outputs": {},
  "resources": [
    {
      "mode": "managed",
      "type": "azurerm_resource_group",
      "name": "example13",
      "provider": "provider[\"registry.terraform.io/hashicorp/azurerm\"]",
      "instances": [
        {
          "schema_version": 0,
          "attributes": {
            "id": "/subscriptions/c5c679d9-df25-40c9-8c2d-187ff34db8d8/resourceGroups/examplerg1",
            "location": "eastus",
            "managed_by": "",
            "name": "examplerg1",
            "tags": null,
            "timeouts": null
          },
          "sensitive_attributes": [],
          "identity_schema_version": 0,
          "identity": {
            "name": "examplerg1",
            "subscription_id": "c5c679d9-df25-40c9-8c2d-187ff34db8d8"
          },
          "private": "eyJlMmJmYjczMC1lY2FhLTExZTYtOGY4OC0zNDM2M2JjN2M0YzAiOnsiY3JlYXRlIjo1NDAwMDAwMDAwMDAwLCJkZWxldGUiOjU0MDAwMDAwMDAwMDAsInJlYWQiOjMwMDAwMDAwMDAwMCwidXBkYXRlIjo1NDAwMDAwMDAwMDAwfX0="
        }
      ]
    }
  ],
  "check_results": null
}
